
Microsoft Visual Studio Solution File, Format Version 12.00
# Visual Studio Version 16
VisualStudioVersion = 16.0.810.20
MinimumVisualStudioVersion = 10.0.40219.1
Project("{FAE04EC0-301F-11D3-BF4B-00C04F79EFBC}") = "mailConnection", "mailConnection.csproj", "{28A3EBF1-9ED9-4E37-B6C8-4617EE7FBF4F}"
EndProject
Project("{2150E333-8FDC-42A3-9474-1A3956D46DE8}") = "Solution Items", "Solution Items", "{54839C72-5865-434F-B1D0-6DC9AC5A7159}"
	ProjectSection(SolutionItems) = preProject
		MailLicense.xml = MailLicense.xml
	EndProjectSection
EndProject
Global
	GlobalSection(SolutionConfigurationPlatforms) = preSolution
		Debug|Any CPU = Debug|Any CPU
		Release|Any CPU = Release|Any CPU
	EndGlobalSection
	GlobalSection(ProjectConfigurationPlatforms) = postSolution
		{28A3EBF1-9ED9-4E37-B6C8-4617EE7FBF4F}.Debug|Any CPU.ActiveCfg = Debug|Any CPU
		{28A3EBF1-9ED9-4E37-B6C8-4617EE7FBF4F}.Debug|Any CPU.Build.0 = Debug|Any CPU
		{28A3EBF1-9ED9-4E37-B6C8-4617EE7FBF4F}.Release|Any CPU.ActiveCfg = Release|Any CPU
		{28A3EBF1-9ED9-4E37-B6C8-4617EE7FBF4F}.Release|Any CPU.Build.0 = Release|Any CPU
	EndGlobalSection
	GlobalSection(SolutionProperties) = preSolution
		HideSolutionNode = FALSE
	EndGlobalSection
	GlobalSection(ExtensibilityGlobals) = postSolution
		SolutionGuid = {EC1F030B-D738-4E2C-861D-A12179498A69}
	EndGlobalSection
EndGlobal
